
Microsoft Visual Studio Solution File, Format Version 12.00
# Visual Studio 15
VisualStudioVersion = 15.0.28010.2036
MinimumVisualStudioVersion = 10.0.40219.1
Project("{8BC9CEB8-8B4A-11D0-8D11-00A0C91BC942}") = "P21", "P21\P21.vcxproj", "{1DC13E0A-EBE6-46EB-B217-D40CC753396E}"
EndProject
Global
	GlobalSection(SolutionConfigurationPlatforms) = preSolution
		Debug|x64 = Debug|x64
		Debug|x86 = Debug|x86
		Release|x64 = Release|x64
		Release|x86 = Release|x86
	EndGlobalSection
	GlobalSection(ProjectConfigurationPlatforms) = postSolution
		{1DC13E0A-EBE6-46EB-B217-D40CC753396E}.Debug|x64.ActiveCfg = Debug|x64
		{1DC13E0A-EBE6-46EB-B217-D40CC753396E}.Debug|x64.Build.0 = Debug|x64
		{1DC13E0A-EBE6-46EB-B217-D40CC753396E}.Debug|x86.ActiveCfg = Debug|Win32
		{1DC13E0A-EBE6-46EB-B217-D40CC753396E}.Debug|x86.Build.0 = Debug|Win32
		{1DC13E0A-EBE6-46EB-B217-D40CC753396E}.Release|x64.ActiveCfg = Release|x64
		{1DC13E0A-EBE6-46EB-B217-D40CC753396E}.Release|x64.Build.0 = Release|x64
		{1DC13E0A-EBE6-46EB-B217-D40CC753396E}.Release|x86.ActiveCfg = Release|Win32
		{1DC13E0A-EBE6-46EB-B217-D40CC753396E}.Release|x86.Build.0 = Release|Win32
	EndGlobalSection
	GlobalSection(SolutionProperties) = preSolution
		HideSolutionNode = FALSE
	EndGlobalSection
	GlobalSection(ExtensibilityGlobals) = postSolution
		SolutionGuid = {AD5F2B37-3528-4E52-8092-91381D39D2AB}
	EndGlobalSection
EndGlobal
